
Microsoft Visual Studio Solution File, Format Version 12.00
# Visual Studio Version 16
VisualStudioVersion = 16.6.30114.105
MinimumVisualStudioVersion = 10.0.40219.1
Project("{9A19103F-16F7-4668-BE54-9A1E7A4F7556}") = "R5T.D0082.Base", "R5T.D0082.Base\R5T.D0082.Base.csproj", "{C0183C8A-8579-4030-BD83-9EAE59C0B758}"
EndProject
Project("{9A19103F-16F7-4668-BE54-9A1E7A4F7556}") = "R5T.D0082.I001", "R5T.D0082.I001\R5T.D0082.I001.csproj", "{BDAB46E8-50AA-4821-A25B-A6E941BB822D}"
EndProject
Project("{2150E333-8FDC-42A3-9474-1A3956D46DE8}") = "_Dependencies", "_Dependencies", "{FD2A14ED-CBE4-4AC3-A257-89B4B29D6E3A}"
EndProject
Project("{9A19103F-16F7-4668-BE54-9A1E7A4F7556}") = "R5T.Dacia.Extensions", "..\..\R5T.Dacia.Extensions\source\R5T.Dacia.Extensions\R5T.Dacia.Extensions.csproj", "{0A01C798-BEC4-4548-BDE8-5E773DFCB913}"
EndProject
Project("{9A19103F-16F7-4668-BE54-9A1E7A4F7556}") = "R5T.Dacia.T002", "..\..\R5T.Dacia\source\R5T.Dacia.T002\R5T.Dacia.T002.csproj", "{6507B00E-AD07-4807-86FB-FF585B9DE1A0}"
EndProject
Project("{9A19103F-16F7-4668-BE54-9A1E7A4F7556}") = "R5T.D0082.D001.Base", "R5T.D0082.D001.Base\R5T.D0082.D001.Base.csproj", "{E0851735-A159-493F-8B03-A558D4F2921F}"
EndProject
Project("{9A19103F-16F7-4668-BE54-9A1E7A4F7556}") = "R5T.Aalborg.Abstractions", "..\..\R5T.Aalborg\source\R5T.Aalborg.Abstractions\R5T.Aalborg.Abstractions.csproj", "{7A4F4718-00FA-4F34-99FC-B8001D111148}"
EndProject
Project("{9A19103F-16F7-4668-BE54-9A1E7A4F7556}") = "R5T.D0082.D001.I001", "R5T.D0082.D001.I001\R5T.D0082.D001.I001.csproj", "{2904E7C7-0E26-42BF-9B87-D829768704F0}"
EndProject
Project("{9A19103F-16F7-4668-BE54-9A1E7A4F7556}") = "R5T.T0021", "..\..\R5T.T0021\source\R5T.T0021\R5T.T0021.csproj", "{A87C16CD-2B82-4FEA-A15C-5CA1476F5E67}"
EndProject
Project("{9A19103F-16F7-4668-BE54-9A1E7A4F7556}") = "R5T.Newport.Extensions", "..\..\R5T.Newport\source\R5T.Newport.Extensions\R5T.Newport.Extensions.csproj", "{85893A71-E6EB-4F62-85D7-0956423E08E9}"
EndProject
Project("{9A19103F-16F7-4668-BE54-9A1E7A4F7556}") = "R5T.Aalborg", "..\..\R5T.Aalborg\source\R5T.Aalborg\R5T.Aalborg.csproj", "{2E18F2C0-8DAD-4F71-A36D-2563B8BB0D35}"
EndProject
Project("{9A19103F-16F7-4668-BE54-9A1E7A4F7556}") = "R5T.Magyar", "..\..\R5T.Magyar\source\R5T.Magyar\R5T.Magyar.csproj", "{42ACEC3E-D7E3-445B-9A66-A18DF4CC3D97}"
EndProject
Project("{9A19103F-16F7-4668-BE54-9A1E7A4F7556}") = "R5T.Dacia", "..\..\R5T.Dacia\source\R5T.Dacia\R5T.Dacia.csproj", "{82E1BAE6-3B0B-41B5-B778-C856D5EE235D}"
EndProject
Project("{9A19103F-16F7-4668-BE54-9A1E7A4F7556}") = "R5T.Suebia.Base", "..\..\R5T.Suebia\source\R5T.Suebia.Base\R5T.Suebia.Base.csproj", "{FEC26092-73F6-444F-8D42-CB062BD092E9}"
EndProject
Project("{9A19103F-16F7-4668-BE54-9A1E7A4F7556}") = "R5T.T0039.T002", "..\..\R5T.T0039\source\R5T.T0039.T002\R5T.T0039.T002.csproj", "{474F71A1-BA80-4800-8423-78554F611833}"
EndProject
Project("{9A19103F-16F7-4668-BE54-9A1E7A4F7556}") = "R5T.Newport", "..\..\R5T.Newport\source\R5T.Newport\R5T.Newport.csproj", "{0570DD38-CD06-4B4A-9631-838421AD68CA}"
EndProject
Project("{9A19103F-16F7-4668-BE54-9A1E7A4F7556}") = "R5T.D0082.D002.Base", "R5T.D0082.D002.Base\R5T.D0082.D002.Base.csproj", "{7A20DB23-3B59-402A-B4ED-89A9D70F08F7}"
EndProject
Project("{9A19103F-16F7-4668-BE54-9A1E7A4F7556}") = "R5T.L0003", "..\..\R5T.L0003\source\R5T.L0003\R5T.L0003.csproj", "{37BF4718-963D-40BD-9DEC-488FCE1F42A1}"
EndProject
Project("{9A19103F-16F7-4668-BE54-9A1E7A4F7556}") = "R5T.D0082.D002.I001", "R5T.D0082.D002.I001\R5T.D0082.D002.I001.csproj", "{F5A0107F-F401-4383-9841-5B4B9CB2E9EE}"
EndProject
Project("{9A19103F-16F7-4668-BE54-9A1E7A4F7556}") = "R5T.D0082.D003.Base", "R5T.D0082.D003.Base\R5T.D0082.D003.Base.csproj", "{D6DE8E24-3CD0-41A1-8414-236203657440}"
EndProject
Project("{9A19103F-16F7-4668-BE54-9A1E7A4F7556}") = "R5T.D0082.D003.I001", "R5T.D0082.D003.I001\R5T.D0082.D003.I001.csproj", "{2DC26CF8-98E0-4B22-BD76-5D9044138B29}"
EndProject
Project("{9A19103F-16F7-4668-BE54-9A1E7A4F7556}") = "R5T.D0082.T000", "R5T.D0082.T000\R5T.D0082.T000.csproj", "{0028B391-A7F8-43E1-97B4-975C30C0835C}"
EndProject
Project("{9A19103F-16F7-4668-BE54-9A1E7A4F7556}") = "R5T.D0082.T001", "R5T.D0082.T001\R5T.D0082.T001.csproj", "{141764BC-BAF9-45ED-A284-FDE4D9CDF881}"
EndProject
Project("{FAE04EC0-301F-11D3-BF4B-00C04F79EFBC}") = "R5T.D0082.X000", "R5T.D0082.X000\R5T.D0082.X000.csproj", "{597E8617-849E-4318-9219-8E2187734AB5}"
EndProject
Global
	GlobalSection(SolutionConfigurationPlatforms) = preSolution
		Debug|Any CPU = Debug|Any CPU
		Debug|x64 = Debug|x64
		Debug|x86 = Debug|x86
		Release|Any CPU = Release|Any CPU
		Release|x64 = Release|x64
		Release|x86 = Release|x86
	EndGlobalSection
	GlobalSection(ProjectConfigurationPlatforms) = postSolution
		{C0183C8A-8579-4030-BD83-9EAE59C0B758}.Debug|Any CPU.ActiveCfg = Debug|Any CPU
		{C0183C8A-8579-4030-BD83-9EAE59C0B758}.Debug|Any CPU.Build.0 = Debug|Any CPU
		{C0183C8A-8579-4030-BD83-9EAE59C0B758}.Debug|x64.ActiveCfg = Debug|Any CPU
		{C0183C8A-8579-4030-BD83-9EAE59C0B758}.Debug|x64.Build.0 = Debug|Any CPU
		{C0183C8A-8579-4030-BD83-9EAE59C0B758}.Debug|x86.ActiveCfg = Debug|Any CPU
		{C0183C8A-8579-4030-BD83-9EAE59C0B758}.Debug|x86.Build.0 = Debug|Any CPU
		{C0183C8A-8579-4030-BD83-9EAE59C0B758}.Release|Any CPU.ActiveCfg = Release|Any CPU
		{C0183C8A-8579-4030-BD83-9EAE59C0B758}.Release|Any CPU.Build.0 = Release|Any CPU
		{C0183C8A-8579-4030-BD83-9EAE59C0B758}.Release|x64.ActiveCfg = Release|Any CPU
		{C0183C8A-8579-4030-BD83-9EAE59C0B758}.Release|x64.Build.0 = Release|Any CPU
		{C0183C8A-8579-4030-BD83-9EAE59C0B758}.Release|x86.ActiveCfg = Release|Any CPU
		{C0183C8A-8579-4030-BD83-9EAE59C0B758}.Release|x86.Build.0 = Release|Any CPU
		{BDAB46E8-50AA-4821-A25B-A6E941BB822D}.Debug|Any CPU.ActiveCfg = Debug|Any CPU
		{BDAB46E8-50AA-4821-A25B-A6E941BB822D}.Debug|Any CPU.Build.0 = Debug|Any CPU
		{BDAB46E8-50AA-4821-A25B-A6E941BB822D}.Debug|x64.ActiveCfg = Debug|Any CPU
		{BDAB46E8-50AA-4821-A25B-A6E941BB822D}.Debug|x64.Build.0 = Debug|Any CPU
		{BDAB46E8-50AA-4821-A25B-A6E941BB822D}.Debug|x86.ActiveCfg = Debug|Any CPU
		{BDAB46E8-50AA-4821-A25B-A6E941BB822D}.Debug|x86.Build.0 = Debug|Any CPU
		{BDAB46E8-50AA-4821-A25B-A6E941BB822D}.Release|Any CPU.ActiveCfg = Release|Any CPU
		{BDAB46E8-50AA-4821-A25B-A6E941BB822D}.Release|Any CPU.Build.0 = Release|Any CPU
		{BDAB46E8-50AA-4821-A25B-A6E941BB822D}.Release|x64.ActiveCfg = Release|Any CPU
		{BDAB46E8-50AA-4821-A25B-A6E941BB822D}.Release|x64.Build.0 = Release|Any CPU
		{BDAB46E8-50AA-4821-A25B-A6E941BB822D}.Release|x86.ActiveCfg = Release|Any CPU
		{BDAB46E8-50AA-4821-A25B-A6E941BB822D}.Release|x86.Build.0 = Release|Any CPU
		{0A01C798-BEC4-4548-BDE8-5E773DFCB913}.Debug|Any CPU.ActiveCfg = Debug|Any CPU
		{0A01C798-BEC4-4548-BDE8-5E773DFCB913}.Debug|Any CPU.Build.0 = Debug|Any CPU
		{0A01C798-BEC4-4548-BDE8-5E773DFCB913}.Debug|x64.ActiveCfg = Debug|Any CPU
		{0A01C798-BEC4-4548-BDE8-5E773DFCB913}.Debug|x64.Build.0 = Debug|Any CPU
		{0A01C798-BEC4-4548-BDE8-5E773DFCB913}.Debug|x86.ActiveCfg = Debug|Any CPU
		{0A01C798-BEC4-4548-BDE8-5E773DFCB913}.Debug|x86.Build.0 = Debug|Any CPU
		{0A01C798-BEC4-4548-BDE8-5E773DFCB913}.Release|Any CPU.ActiveCfg = Release|Any CPU
		{0A01C798-BEC4-4548-BDE8-5E773DFCB913}.Release|Any CPU.Build.0 = Release|Any CPU
		{0A01C798-BEC4-4548-BDE8-5E773DFCB913}.Release|x64.ActiveCfg = Release|Any CPU
		{0A01C798-BEC4-4548-BDE8-5E773DFCB913}.Release|x64.Build.0 = Release|Any CPU
		{0A01C798-BEC4-4548-BDE8-5E773DFCB913}.Release|x86.ActiveCfg = Release|Any CPU
		{0A01C798-BEC4-4548-BDE8-5E773DFCB913}.Release|x86.Build.0 = Release|Any CPU
		{6507B00E-AD07-4807-86FB-FF585B9DE1A0}.Debug|Any CPU.ActiveCfg = Debug|Any CPU
		{6507B00E-AD07-4807-86FB-FF585B9DE1A0}.Debug|Any CPU.Build.0 = Debug|Any CPU
		{6507B00E-AD07-4807-86FB-FF585B9DE1A0}.Debug|x64.ActiveCfg = Debug|Any CPU
		{6507B00E-AD07-4807-86FB-FF585B9DE1A0}.Debug|x64.Build.0 = Debug|Any CPU
		{6507B00E-AD07-4807-86FB-FF585B9DE1A0}.Debug|x86.ActiveCfg = Debug|Any CPU
		{6507B00E-AD07-4807-86FB-FF585B9DE1A0}.Debug|x86.Build.0 = Debug|Any CPU
		{6507B00E-AD07-4807-86FB-FF585B9DE1A0}.Release|Any CPU.ActiveCfg = Release|Any CPU
		{6507B00E-AD07-4807-86FB-FF585B9DE1A0}.Release|Any CPU.Build.0 = Release|Any CPU
		{6507B00E-AD07-4807-86FB-FF585B9DE1A0}.Release|x64.ActiveCfg = Release|Any CPU
		{6507B00E-AD07-4807-86FB-FF585B9DE1A0}.Release|x64.Build.0 = Release|Any CPU
		{6507B00E-AD07-4807-86FB-FF585B9DE1A0}.Release|x86.ActiveCfg = Release|Any CPU
		{6507B00E-AD07-4807-86FB-FF585B9DE1A0}.Release|x86.Build.0 = Release|Any CPU
		{E0851735-A159-493F-8B03-A558D4F2921F}.Debug|Any CPU.ActiveCfg = Debug|Any CPU
		{E0851735-A159-493F-8B03-A558D4F2921F}.Debug|Any CPU.Build.0 = Debug|Any CPU
		{E0851735-A159-493F-8B03-A558D4F2921F}.Debug|x64.ActiveCfg = Debug|Any CPU
		{E0851735-A159-493F-8B03-A558D4F2921F}.Debug|x64.Build.0 = Debug|Any CPU
		{E0851735-A159-493F-8B03-A558D4F2921F}.Debug|x86.ActiveCfg = Debug|Any CPU
		{E0851735-A159-493F-8B03-A558D4F2921F}.Debug|x86.Build.0 = Debug|Any CPU
		{E0851735-A159-493F-8B03-A558D4F2921F}.Release|Any CPU.ActiveCfg = Release|Any CPU
		{E0851735-A159-493F-8B03-A558D4F2921F}.Release|Any CPU.Build.0 = Release|Any CPU
		{E0851735-A159-493F-8B03-A558D4F2921F}.Release|x64.ActiveCfg = Release|Any CPU
		{E0851735-A159-493F-8B03-A558D4F2921F}.Release|x64.Build.0 = Release|Any CPU
		{E0851735-A159-493F-8B03-A558D4F2921F}.Release|x86.ActiveCfg = Release|Any CPU
		{E0851735-A159-493F-8B03-A558D4F2921F}.Release|x86.Build.0 = Release|Any CPU
		{7A4F4718-00FA-4F34-99FC-B8001D111148}.Debug|Any CPU.ActiveCfg = Debug|Any CPU
		{7A4F4718-00FA-4F34-99FC-B8001D111148}.Debug|Any CPU.Build.0 = Debug|Any CPU
		{7A4F4718-00FA-4F34-99FC-B8001D111148}.Debug|x64.ActiveCfg = Debug|Any CPU
		{7A4F4718-00FA-4F34-99FC-B8001D111148}.Debug|x64.Build.0 = Debug|Any CPU
		{7A4F4718-00FA-4F34-99FC-B8001D111148}.Debug|x86.ActiveCfg = Debug|Any CPU
		{7A4F4718-00FA-4F34-99FC-B8001D111148}.Debug|x86.Build.0 = Debug|Any CPU
		{7A4F4718-00FA-4F34-99FC-B8001D111148}.Release|Any CPU.ActiveCfg = Release|Any CPU
		{7A4F4718-00FA-4F34-99FC-B8001D111148}.Release|Any CPU.Build.0 = Release|Any CPU
		{7A4F4718-00FA-4F34-99FC-B8001D111148}.Release|x64.ActiveCfg = Release|Any CPU
		{7A4F4718-00FA-4F34-99FC-B8001D111148}.Release|x64.Build.0 = Release|Any CPU
		{7A4F4718-00FA-4F34-99FC-B8001D111148}.Release|x86.ActiveCfg = Release|Any CPU
		{7A4F4718-00FA-4F34-99FC-B8001D111148}.Release|x86.Build.0 = Release|Any CPU
		{2904E7C7-0E26-42BF-9B87-D829768704F0}.Debug|Any CPU.ActiveCfg = Debug|Any CPU
		{2904E7C7-0E26-42BF-9B87-D829768704F0}.Debug|Any CPU.Build.0 = Debug|Any CPU
		{2904E7C7-0E26-42BF-9B87-D829768704F0}.Debug|x64.ActiveCfg = Debug|Any CPU
		{2904E7C7-0E26-42BF-9B87-D829768704F0}.Debug|x64.Build.0 = Debug|Any CPU
		{2904E7C7-0E26-42BF-9B87-D829768704F0}.Debug|x86.ActiveCfg = Debug|Any CPU
		{2904E7C7-0E26-42BF-9B87-D829768704F0}.Debug|x86.Build.0 = Debug|Any CPU
		{2904E7C7-0E26-42BF-9B87-D829768704F0}.Release|Any CPU.ActiveCfg = Release|Any CPU
		{2904E7C7-0E26-42BF-9B87-D829768704F0}.Release|Any CPU.Build.0 = Release|Any CPU
		{2904E7C7-0E26-42BF-9B87-D829768704F0}.Release|x64.ActiveCfg = Release|Any CPU
		{2904E7C7-0E26-42BF-9B87-D829768704F0}.Release|x64.Build.0 = Release|Any CPU
		{2904E7C7-0E26-42BF-9B87-D829768704F0}.Release|x86.ActiveCfg = Release|Any CPU
		{2904E7C7-0E26-42BF-9B87-D829768704F0}.Release|x86.Build.0 = Release|Any CPU
		{A87C16CD-2B82-4FEA-A15C-5CA1476F5E67}.Debug|Any CPU.ActiveCfg = Debug|Any CPU
		{A87C16CD-2B82-4FEA-A15C-5CA1476F5E67}.Debug|Any CPU.Build.0 = Debug|Any CPU
		{A87C16CD-2B82-4FEA-A15C-5CA1476F5E67}.Debug|x64.ActiveCfg = Debug|Any CPU
		{A87C16CD-2B82-4FEA-A15C-5CA1476F5E67}.Debug|x64.Build.0 = Debug|Any CPU
		{A87C16CD-2B82-4FEA-A15C-5CA1476F5E67}.Debug|x86.ActiveCfg = Debug|Any CPU
		{A87C16CD-2B82-4FEA-A15C-5CA1476F5E67}.Debug|x86.Build.0 = Debug|Any CPU
		{A87C16CD-2B82-4FEA-A15C-5CA1476F5E67}.Release|Any CPU.ActiveCfg = Release|Any CPU
		{A87C16CD-2B82-4FEA-A15C-5CA1476F5E67}.Release|Any CPU.Build.0 = Release|Any CPU
		{A87C16CD-2B82-4FEA-A15C-5CA1476F5E67}.Release|x64.ActiveCfg = Release|Any CPU
		{A87C16CD-2B82-4FEA-A15C-5CA1476F5E67}.Release|x64.Build.0 = Release|Any CPU
		{A87C16CD-2B82-4FEA-A15C-5CA1476F5E67}.Release|x86.ActiveCfg = Release|Any CPU
		{A87C16CD-2B82-4FEA-A15C-5CA1476F5E67}.Release|x86.Build.0 = Release|Any CPU
		{85893A71-E6EB-4F62-85D7-0956423E08E9}.Debug|Any CPU.ActiveCfg = Debug|Any CPU
		{85893A71-E6EB-4F62-85D7-0956423E08E9}.Debug|Any CPU.Build.0 = Debug|Any CPU
		{85893A71-E6EB-4F62-85D7-0956423E08E9}.Debug|x64.ActiveCfg = Debug|Any CPU
		{85893A71-E6EB-4F62-85D7-0956423E08E9}.Debug|x64.Build.0 = Debug|Any CPU
		{85893A71-E6EB-4F62-85D7-0956423E08E9}.Debug|x86.ActiveCfg = Debug|Any CPU
		{85893A71-E6EB-4F62-85D7-0956423E08E9}.Debug|x86.Build.0 = Debug|Any CPU
		{85893A71-E6EB-4F62-85D7-0956423E08E9}.Release|Any CPU.ActiveCfg = Release|Any CPU
		{85893A71-E6EB-4F62-85D7-0956423E08E9}.Release|Any CPU.Build.0 = Release|Any CPU
		{85893A71-E6EB-4F62-85D7-0956423E08E9}.Release|x64.ActiveCfg = Release|Any CPU
		{85893A71-E6EB-4F62-85D7-0956423E08E9}.Release|x64.Build.0 = Release|Any CPU
		{85893A71-E6EB-4F62-85D7-0956423E08E9}.Release|x86.ActiveCfg = Release|Any CPU
		{85893A71-E6EB-4F62-85D7-0956423E08E9}.Release|x86.Build.0 = Release|Any CPU
		{2E18F2C0-8DAD-4F71-A36D-2563B8BB0D35}.Debug|Any CPU.ActiveCfg = Debug|Any CPU
		{2E18F2C0-8DAD-4F71-A36D-2563B8BB0D35}.Debug|Any CPU.Build.0 = Debug|Any CPU
		{2E18F2C0-8DAD-4F71-A36D-2563B8BB0D35}.Debug|x64.ActiveCfg = Debug|Any CPU
		{2E18F2C0-8DAD-4F71-A36D-2563B8BB0D35}.Debug|x64.Build.0 = Debug|Any CPU
		{2E18F2C0-8DAD-4F71-A36D-2563B8BB0D35}.Debug|x86.ActiveCfg = Debug|Any CPU
		{2E18F2C0-8DAD-4F71-A36D-2563B8BB0D35}.Debug|x86.Build.0 = Debug|Any CPU
		{2E18F2C0-8DAD-4F71-A36D-2563B8BB0D35}.Release|Any CPU.ActiveCfg = Release|Any CPU
		{2E18F2C0-8DAD-4F71-A36D-2563B8BB0D35}.Release|Any CPU.Build.0 = Release|Any CPU
		{2E18F2C0-8DAD-4F71-A36D-2563B8BB0D35}.Release|x64.ActiveCfg = Release|Any CPU
		{2E18F2C0-8DAD-4F71-A36D-2563B8BB0D35}.Release|x64.Build.0 = Release|Any CPU
		{2E18F2C0-8DAD-4F71-A36D-2563B8BB0D35}.Release|x86.ActiveCfg = Release|Any CPU
		{2E18F2C0-8DAD-4F71-A36D-2563B8BB0D35}.Release|x86.Build.0 = Release|Any CPU
		{42ACEC3E-D7E3-445B-9A66-A18DF4CC3D97}.Debug|Any CPU.ActiveCfg = Debug|Any CPU
		{42ACEC3E-D7E3-445B-9A66-A18DF4CC3D97}.Debug|Any CPU.Build.0 = Debug|Any CPU
		{42ACEC3E-D7E3-445B-9A66-A18DF4CC3D97}.Debug|x64.ActiveCfg = Debug|Any CPU
		{42ACEC3E-D7E3-445B-9A66-A18DF4CC3D97}.Debug|x64.Build.0 = Debug|Any CPU
		{42ACEC3E-D7E3-445B-9A66-A18DF4CC3D97}.Debug|x86.ActiveCfg = Debug|Any CPU
		{42ACEC3E-D7E3-445B-9A66-A18DF4CC3D97}.Debug|x86.Build.0 = Debug|Any CPU
		{42ACEC3E-D7E3-445B-9A66-A18DF4CC3D97}.Release|Any CPU.ActiveCfg = Release|Any CPU
		{42ACEC3E-D7E3-445B-9A66-A18DF4CC3D97}.Release|Any CPU.Build.0 = Release|Any CPU
		{42ACEC3E-D7E3-445B-9A66-A18DF4CC3D97}.Release|x64.ActiveCfg = Release|Any CPU
		{42ACEC3E-D7E3-445B-9A66-A18DF4CC3D97}.Release|x64.Build.0 = Release|Any CPU
		{42ACEC3E-D7E3-445B-9A66-A18DF4CC3D97}.Release|x86.ActiveCfg = Release|Any CPU
		{42ACEC3E-D7E3-445B-9A66-A18DF4CC3D97}.Release|x86.Build.0 = Release|Any CPU
		{82E1BAE6-3B0B-41B5-B778-C856D5EE235D}.Debug|Any CPU.ActiveCfg = Debug|Any CPU
		{82E1BAE6-3B0B-41B5-B778-C856D5EE235D}.Debug|Any CPU.Build.0 = Debug|Any CPU
		{82E1BAE6-3B0B-41B5-B778-C856D5EE235D}.Debug|x64.ActiveCfg = Debug|Any CPU
		{82E1BAE6-3B0B-41B5-B778-C856D5EE235D}.Debug|x64.Build.0 = Debug|Any CPU
		{82E1BAE6-3B0B-41B5-B778-C856D5EE235D}.Debug|x86.ActiveCfg = Debug|Any CPU
		{82E1BAE6-3B0B-41B5-B778-C856D5EE235D}.Debug|x86.Build.0 = Debug|Any CPU
		{82E1BAE6-3B0B-41B5-B778-C856D5EE235D}.Release|Any CPU.ActiveCfg = Release|Any CPU
		{82E1BAE6-3B0B-41B5-B778-C856D5EE235D}.Release|Any CPU.Build.0 = Release|Any CPU
		{82E1BAE6-3B0B-41B5-B778-C856D5EE235D}.Release|x64.ActiveCfg = Release|Any CPU
		{82E1BAE6-3B0B-41B5-B778-C856D5EE235D}.Release|x64.Build.0 = Release|Any CPU
		{82E1BAE6-3B0B-41B5-B778-C856D5EE235D}.Release|x86.ActiveCfg = Release|Any CPU
		{82E1BAE6-3B0B-41B5-B778-C856D5EE235D}.Release|x86.Build.0 = Release|Any CPU
		{FEC26092-73F6-444F-8D42-CB062BD092E9}.Debug|Any CPU.ActiveCfg = Debug|Any CPU
		{FEC26092-73F6-444F-8D42-CB062BD092E9}.Debug|Any CPU.Build.0 = Debug|Any CPU
		{FEC26092-73F6-444F-8D42-CB062BD092E9}.Debug|x64.ActiveCfg = Debug|Any CPU
		{FEC26092-73F6-444F-8D42-CB062BD092E9}.Debug|x64.Build.0 = Debug|Any CPU
		{FEC26092-73F6-444F-8D42-CB062BD092E9}.Debug|x86.ActiveCfg = Debug|Any CPU
		{FEC26092-73F6-444F-8D42-CB062BD092E9}.Debug|x86.Build.0 = Debug|Any CPU
		{FEC26092-73F6-444F-8D42-CB062BD092E9}.Release|Any CPU.ActiveCfg = Release|Any CPU
		{FEC26092-73F6-444F-8D42-CB062BD092E9}.Release|Any CPU.Build.0 = Release|Any CPU
		{FEC26092-73F6-444F-8D42-CB062BD092E9}.Release|x64.ActiveCfg = Release|Any CPU
		{FEC26092-73F6-444F-8D42-CB062BD092E9}.Release|x64.Build.0 = Release|Any CPU
		{FEC26092-73F6-444F-8D42-CB062BD092E9}.Release|x86.ActiveCfg = Release|Any CPU
		{FEC26092-73F6-444F-8D42-CB062BD092E9}.Release|x86.Build.0 = Release|Any CPU
		{474F71A1-BA80-4800-8423-78554F611833}.Debug|Any CPU.ActiveCfg = Debug|Any CPU
		{474F71A1-BA80-4800-8423-78554F611833}.Debug|Any CPU.Build.0 = Debug|Any CPU
		{474F71A1-BA80-4800-8423-78554F611833}.Debug|x64.ActiveCfg = Debug|Any CPU
		{474F71A1-BA80-4800-8423-78554F611833}.Debug|x64.Build.0 = Debug|Any CPU
		{474F71A1-BA80-4800-8423-78554F611833}.Debug|x86.ActiveCfg = Debug|Any CPU
		{474F71A1-BA80-4800-8423-78554F611833}.Debug|x86.Build.0 = Debug|Any CPU
		{474F71A1-BA80-4800-8423-78554F611833}.Release|Any CPU.ActiveCfg = Release|Any CPU
		{474F71A1-BA80-4800-8423-78554F611833}.Release|Any CPU.Build.0 = Release|Any CPU
		{474F71A1-BA80-4800-8423-78554F611833}.Release|x64.ActiveCfg = Release|Any CPU
		{474F71A1-BA80-4800-8423-78554F611833}.Release|x64.Build.0 = Release|Any CPU
		{474F71A1-BA80-4800-8423-78554F611833}.Release|x86.ActiveCfg = Release|Any CPU
		{474F71A1-BA80-4800-8423-78554F611833}.Release|x86.Build.0 = Release|Any CPU
		{0570DD38-CD06-4B4A-9631-838421AD68CA}.Debug|Any CPU.ActiveCfg = Debug|Any CPU
		{0570DD38-CD06-4B4A-9631-838421AD68CA}.Debug|Any CPU.Build.0 = Debug|Any CPU
		{0570DD38-CD06-4B4A-9631-838421AD68CA}.Debug|x64.ActiveCfg = Debug|Any CPU
		{0570DD38-CD06-4B4A-9631-838421AD68CA}.Debug|x64.Build.0 = Debug|Any CPU
		{0570DD38-CD06-4B4A-9631-838421AD68CA}.Debug|x86.ActiveCfg = Debug|Any CPU
		{0570DD38-CD06-4B4A-9631-838421AD68CA}.Debug|x86.Build.0 = Debug|Any CPU
		{0570DD38-CD06-4B4A-9631-838421AD68CA}.Release|Any CPU.ActiveCfg = Release|Any CPU
		{0570DD38-CD06-4B4A-9631-838421AD68CA}.Release|Any CPU.Build.0 = Release|Any CPU
		{0570DD38-CD06-4B4A-9631-838421AD68CA}.Release|x64.ActiveCfg = Release|Any CPU
		{0570DD38-CD06-4B4A-9631-838421AD68CA}.Release|x64.Build.0 = Release|Any CPU
		{0570DD38-CD06-4B4A-9631-838421AD68CA}.Release|x86.ActiveCfg = Release|Any CPU
		{0570DD38-CD06-4B4A-9631-838421AD68CA}.Release|x86.Build.0 = Release|Any CPU
		{7A20DB23-3B59-402A-B4ED-89A9D70F08F7}.Debug|Any CPU.ActiveCfg = Debug|Any CPU
		{7A20DB23-3B59-402A-B4ED-89A9D70F08F7}.Debug|Any CPU.Build.0 = Debug|Any CPU
		{7A20DB23-3B59-402A-B4ED-89A9D70F08F7}.Debug|x64.ActiveCfg = Debug|Any CPU
		{7A20DB23-3B59-402A-B4ED-89A9D70F08F7}.Debug|x64.Build.0 = Debug|Any CPU
		{7A20DB23-3B59-402A-B4ED-89A9D70F08F7}.Debug|x86.ActiveCfg = Debug|Any CPU
		{7A20DB23-3B59-402A-B4ED-89A9D70F08F7}.Debug|x86.Build.0 = Debug|Any CPU
		{7A20DB23-3B59-402A-B4ED-89A9D70F08F7}.Release|Any CPU.ActiveCfg = Release|Any CPU
		{7A20DB23-3B59-402A-B4ED-89A9D70F08F7}.Release|Any CPU.Build.0 = Release|Any CPU
		{7A20DB23-3B59-402A-B4ED-89A9D70F08F7}.Release|x64.ActiveCfg = Release|Any CPU
		{7A20DB23-3B59-402A-B4ED-89A9D70F08F7}.Release|x64.Build.0 = Release|Any CPU
		{7A20DB23-3B59-402A-B4ED-89A9D70F08F7}.Release|x86.ActiveCfg = Release|Any CPU
		{7A20DB23-3B59-402A-B4ED-89A9D70F08F7}.Release|x86.Build.0 = Release|Any CPU
		{37BF4718-963D-40BD-9DEC-488FCE1F42A1}.Debug|Any CPU.ActiveCfg = Debug|Any CPU
		{37BF4718-963D-40BD-9DEC-488FCE1F42A1}.Debug|Any CPU.Build.0 = Debug|Any CPU
		{37BF4718-963D-40BD-9DEC-488FCE1F42A1}.Debug|x64.ActiveCfg = Debug|Any CPU
		{37BF4718-963D-40BD-9DEC-488FCE1F42A1}.Debug|x64.Build.0 = Debug|Any CPU
		{37BF4718-963D-40BD-9DEC-488FCE1F42A1}.Debug|x86.ActiveCfg = Debug|Any CPU
		{37BF4718-963D-40BD-9DEC-488FCE1F42A1}.Debug|x86.Build.0 = Debug|Any CPU
		{37BF4718-963D-40BD-9DEC-488FCE1F42A1}.Release|Any CPU.ActiveCfg = Release|Any CPU
		{37BF4718-963D-40BD-9DEC-488FCE1F42A1}.Release|Any CPU.Build.0 = Release|Any CPU
		{37BF4718-963D-40BD-9DEC-488FCE1F42A1}.Release|x64.ActiveCfg = Release|Any CPU
		{37BF4718-963D-40BD-9DEC-488FCE1F42A1}.Release|x64.Build.0 = Release|Any CPU
		{37BF4718-963D-40BD-9DEC-488FCE1F42A1}.Release|x86.ActiveCfg = Release|Any CPU
		{37BF4718-963D-40BD-9DEC-488FCE1F42A1}.Release|x86.Build.0 = Release|Any CPU
		{F5A0107F-F401-4383-9841-5B4B9CB2E9EE}.Debug|Any CPU.ActiveCfg = Debug|Any CPU
		{F5A0107F-F401-4383-9841-5B4B9CB2E9EE}.Debug|Any CPU.Build.0 = Debug|Any CPU
		{F5A0107F-F401-4383-9841-5B4B9CB2E9EE}.Debug|x64.ActiveCfg = Debug|Any CPU
		{F5A0107F-F401-4383-9841-5B4B9CB2E9EE}.Debug|x64.Build.0 = Debug|Any CPU
		{F5A0107F-F401-4383-9841-5B4B9CB2E9EE}.Debug|x86.ActiveCfg = Debug|Any CPU
		{F5A0107F-F401-4383-9841-5B4B9CB2E9EE}.Debug|x86.Build.0 = Debug|Any CPU
		{F5A0107F-F401-4383-9841-5B4B9CB2E9EE}.Release|Any CPU.ActiveCfg = Release|Any CPU
		{F5A0107F-F401-4383-9841-5B4B9CB2E9EE}.Release|Any CPU.Build.0 = Release|Any CPU
		{F5A0107F-F401-4383-9841-5B4B9CB2E9EE}.Release|x64.ActiveCfg = Release|Any CPU
		{F5A0107F-F401-4383-9841-5B4B9CB2E9EE}.Release|x64.Build.0 = Release|Any CPU
		{F5A0107F-F401-4383-9841-5B4B9CB2E9EE}.Release|x86.ActiveCfg = Release|Any CPU
		{F5A0107F-F401-4383-9841-5B4B9CB2E9EE}.Release|x86.Build.0 = Release|Any CPU
		{D6DE8E24-3CD0-41A1-8414-236203657440}.Debug|Any CPU.ActiveCfg = Debug|Any CPU
		{D6DE8E24-3CD0-41A1-8414-236203657440}.Debug|Any CPU.Build.0 = Debug|Any CPU
		{D6DE8E24-3CD0-41A1-8414-236203657440}.Debug|x64.ActiveCfg = Debug|Any CPU
		{D6DE8E24-3CD0-41A1-8414-236203657440}.Debug|x64.Build.0 = Debug|Any CPU
		{D6DE8E24-3CD0-41A1-8414-236203657440}.Debug|x86.ActiveCfg = Debug|Any CPU
		{D6DE8E24-3CD0-41A1-8414-236203657440}.Debug|x86.Build.0 = Debug|Any CPU
		{D6DE8E24-3CD0-41A1-8414-236203657440}.Release|Any CPU.ActiveCfg = Release|Any CPU
		{D6DE8E24-3CD0-41A1-8414-236203657440}.Release|Any CPU.Build.0 = Release|Any CPU
		{D6DE8E24-3CD0-41A1-8414-236203657440}.Release|x64.ActiveCfg = Release|Any CPU
		{D6DE8E24-3CD0-41A1-8414-236203657440}.Release|x64.Build.0 = Release|Any CPU
		{D6DE8E24-3CD0-41A1-8414-236203657440}.Release|x86.ActiveCfg = Release|Any CPU
		{D6DE8E24-3CD0-41A1-8414-236203657440}.Release|x86.Build.0 = Release|Any CPU
		{2DC26CF8-98E0-4B22-BD76-5D9044138B29}.Debug|Any CPU.ActiveCfg = Debug|Any CPU
		{2DC26CF8-98E0-4B22-BD76-5D9044138B29}.Debug|Any CPU.Build.0 = Debug|Any CPU
		{2DC26CF8-98E0-4B22-BD76-5D9044138B29}.Debug|x64.ActiveCfg = Debug|Any CPU
		{2DC26CF8-98E0-4B22-BD76-5D9044138B29}.Debug|x64.Build.0 = Debug|Any CPU
		{2DC26CF8-98E0-4B22-BD76-5D9044138B29}.Debug|x86.ActiveCfg = Debug|Any CPU
		{2DC26CF8-98E0-4B22-BD76-5D9044138B29}.Debug|x86.Build.0 = Debug|Any CPU
		{2DC26CF8-98E0-4B22-BD76-5D9044138B29}.Release|Any CPU.ActiveCfg = Release|Any CPU
		{2DC26CF8-98E0-4B22-BD76-5D9044138B29}.Release|Any CPU.Build.0 = Release|Any CPU
		{2DC26CF8-98E0-4B22-BD76-5D9044138B29}.Release|x64.ActiveCfg = Release|Any CPU
		{2DC26CF8-98E0-4B22-BD76-5D9044138B29}.Release|x64.Build.0 = Release|Any CPU
		{2DC26CF8-98E0-4B22-BD76-5D9044138B29}.Release|x86.ActiveCfg = Release|Any CPU
		{2DC26CF8-98E0-4B22-BD76-5D9044138B29}.Release|x86.Build.0 = Release|Any CPU
		{0028B391-A7F8-43E1-97B4-975C30C0835C}.Debug|Any CPU.ActiveCfg = Debug|Any CPU
		{0028B391-A7F8-43E1-97B4-975C30C0835C}.Debug|Any CPU.Build.0 = Debug|Any CPU
		{0028B391-A7F8-43E1-97B4-975C30C0835C}.Debug|x64.ActiveCfg = Debug|Any CPU
		{0028B391-A7F8-43E1-97B4-975C30C0835C}.Debug|x64.Build.0 = Debug|Any CPU
		{0028B391-A7F8-43E1-97B4-975C30C0835C}.Debug|x86.ActiveCfg = Debug|Any CPU
		{0028B391-A7F8-43E1-97B4-975C30C0835C}.Debug|x86.Build.0 = Debug|Any CPU
		{0028B391-A7F8-43E1-97B4-975C30C0835C}.Release|Any CPU.ActiveCfg = Release|Any CPU
		{0028B391-A7F8-43E1-97B4-975C30C0835C}.Release|Any CPU.Build.0 = Release|Any CPU
		{0028B391-A7F8-43E1-97B4-975C30C0835C}.Release|x64.ActiveCfg = Release|Any CPU
		{0028B391-A7F8-43E1-97B4-975C30C0835C}.Release|x64.Build.0 = Release|Any CPU
		{0028B391-A7F8-43E1-97B4-975C30C0835C}.Release|x86.ActiveCfg = Release|Any CPU
		{0028B391-A7F8-43E1-97B4-975C30C0835C}.Release|x86.Build.0 = Release|Any CPU
		{141764BC-BAF9-45ED-A284-FDE4D9CDF881}.Debug|Any CPU.ActiveCfg = Debug|Any CPU
		{141764BC-BAF9-45ED-A284-FDE4D9CDF881}.Debug|Any CPU.Build.0 = Debug|Any CPU
		{141764BC-BAF9-45ED-A284-FDE4D9CDF881}.Debug|x64.ActiveCfg = Debug|Any CPU
		{141764BC-BAF9-45ED-A284-FDE4D9CDF881}.Debug|x64.Build.0 = Debug|Any CPU
		{141764BC-BAF9-45ED-A284-FDE4D9CDF881}.Debug|x86.ActiveCfg = Debug|Any CPU
		{141764BC-BAF9-45ED-A284-FDE4D9CDF881}.Debug|x86.Build.0 = Debug|Any CPU
		{141764BC-BAF9-45ED-A284-FDE4D9CDF881}.Release|Any CPU.ActiveCfg = Release|Any CPU
		{141764BC-BAF9-45ED-A284-FDE4D9CDF881}.Release|Any CPU.Build.0 = Release|Any CPU
		{141764BC-BAF9-45ED-A284-FDE4D9CDF881}.Release|x64.ActiveCfg = Release|Any CPU
		{141764BC-BAF9-45ED-A284-FDE4D9CDF881}.Release|x64.Build.0 = Release|Any CPU
		{141764BC-BAF9-45ED-A284-FDE4D9CDF881}.Release|x86.ActiveCfg = Release|Any CPU
		{141764BC-BAF9-45ED-A284-FDE4D9CDF881}.Release|x86.Build.0 = Release|Any CPU
		{597E8617-849E-4318-9219-8E2187734AB5}.Debug|Any CPU.ActiveCfg = Debug|Any CPU
		{597E8617-849E-4318-9219-8E2187734AB5}.Debug|Any CPU.Build.0 = Debug|Any CPU
		{597E8617-849E-4318-9219-8E2187734AB5}.Debug|x64.ActiveCfg = Debug|Any CPU
		{597E8617-849E-4318-9219-8E2187734AB5}.Debug|x64.Build.0 = Debug|Any CPU
		{597E8617-849E-4318-9219-8E2187734AB5}.Debug|x86.ActiveCfg = Debug|Any CPU
		{597E8617-849E-4318-9219-8E2187734AB5}.Debug|x86.Build.0 = Debug|Any CPU
		{597E8617-849E-4318-9219-8E2187734AB5}.Release|Any CPU.ActiveCfg = Release|Any CPU
		{597E8617-849E-4318-9219-8E2187734AB5}.Release|Any CPU.Build.0 = Release|Any CPU
		{597E8617-849E-4318-9219-8E2187734AB5}.Release|x64.ActiveCfg = Release|Any CPU
		{597E8617-849E-4318-9219-8E2187734AB5}.Release|x64.Build.0 = Release|Any CPU
		{597E8617-849E-4318-9219-8E2187734AB5}.Release|x86.ActiveCfg = Release|Any CPU
		{597E8617-849E-4318-9219-8E2187734AB5}.Release|x86.Build.0 = Release|Any CPU
	EndGlobalSection
	GlobalSection(SolutionProperties) = preSolution
		HideSolutionNode = FALSE
	EndGlobalSection
	GlobalSection(NestedProjects) = preSolution
		{0A01C798-BEC4-4548-BDE8-5E773DFCB913} = {FD2A14ED-CBE4-4AC3-A257-89B4B29D6E3A}
		{6507B00E-AD07-4807-86FB-FF585B9DE1A0} = {FD2A14ED-CBE4-4AC3-A257-89B4B29D6E3A}
		{7A4F4718-00FA-4F34-99FC-B8001D111148} = {FD2A14ED-CBE4-4AC3-A257-89B4B29D6E3A}
		{A87C16CD-2B82-4FEA-A15C-5CA1476F5E67} = {FD2A14ED-CBE4-4AC3-A257-89B4B29D6E3A}
		{85893A71-E6EB-4F62-85D7-0956423E08E9} = {FD2A14ED-CBE4-4AC3-A257-89B4B29D6E3A}
		{2E18F2C0-8DAD-4F71-A36D-2563B8BB0D35} = {FD2A14ED-CBE4-4AC3-A257-89B4B29D6E3A}
		{42ACEC3E-D7E3-445B-9A66-A18DF4CC3D97} = {FD2A14ED-CBE4-4AC3-A257-89B4B29D6E3A}
		{82E1BAE6-3B0B-41B5-B778-C856D5EE235D} = {FD2A14ED-CBE4-4AC3-A257-89B4B29D6E3A}
		{FEC26092-73F6-444F-8D42-CB062BD092E9} = {FD2A14ED-CBE4-4AC3-A257-89B4B29D6E3A}
		{474F71A1-BA80-4800-8423-78554F611833} = {FD2A14ED-CBE4-4AC3-A257-89B4B29D6E3A}
		{0570DD38-CD06-4B4A-9631-838421AD68CA} = {FD2A14ED-CBE4-4AC3-A257-89B4B29D6E3A}
		{37BF4718-963D-40BD-9DEC-488FCE1F42A1} = {FD2A14ED-CBE4-4AC3-A257-89B4B29D6E3A}
	EndGlobalSection
	GlobalSection(ExtensibilityGlobals) = postSolution
		SolutionGuid = {6C9BD76B-3AD9-4DC1-AC7F-6A46DE4166CE}
	EndGlobalSection
EndGlobal
