
Microsoft Visual Studio Solution File, Format Version 12.00
# Visual Studio Version 16
VisualStudioVersion = 16.0.30114.105
MinimumVisualStudioVersion = 10.0.40219.1
Project("{FAE04EC0-301F-11D3-BF4B-00C04F79EFBC}") = "R5T.D0082.A001", "R5T.D0082.A001\R5T.D0082.A001.csproj", "{9D69E237-2F12-4A67-8D1A-4F325ED97F26}"
EndProject
Project("{FAE04EC0-301F-11D3-BF4B-00C04F79EFBC}") = "R5T.D0082.Base", "R5T.D0082.Base\R5T.D0082.Base.csproj", "{56FFE70E-888D-4AC6-BC40-407D56BEC6D4}"
EndProject
Project("{FAE04EC0-301F-11D3-BF4B-00C04F79EFBC}") = "R5T.D0082.Construction", "R5T.D0082.Construction\R5T.D0082.Construction.csproj", "{9561AD8C-56B2-4380-A927-1C395A249773}"
EndProject
Project("{FAE04EC0-301F-11D3-BF4B-00C04F79EFBC}") = "R5T.D0082.D001.Base", "R5T.D0082.D001.Base\R5T.D0082.D001.Base.csproj", "{E9B51BB4-0ADD-47F7-8B8A-90E771064AE5}"
EndProject
Project("{FAE04EC0-301F-11D3-BF4B-00C04F79EFBC}") = "R5T.D0082.D001.I001", "R5T.D0082.D001.I001\R5T.D0082.D001.I001.csproj", "{AA00D5A1-5ADE-42C6-8161-40C26D0593C9}"
EndProject
Project("{FAE04EC0-301F-11D3-BF4B-00C04F79EFBC}") = "R5T.D0082.D002.Base", "R5T.D0082.D002.Base\R5T.D0082.D002.Base.csproj", "{A38BEF83-5CCC-4AB0-8F57-8097C16BEBB8}"
EndProject
Project("{FAE04EC0-301F-11D3-BF4B-00C04F79EFBC}") = "R5T.D0082.D002.I001", "R5T.D0082.D002.I001\R5T.D0082.D002.I001.csproj", "{09D01529-DF91-49CB-A629-D407B470CF8F}"
EndProject
Project("{FAE04EC0-301F-11D3-BF4B-00C04F79EFBC}") = "R5T.D0082.D003.Base", "R5T.D0082.D003.Base\R5T.D0082.D003.Base.csproj", "{DC0E59E5-A3BE-4778-AD86-770205B7E410}"
EndProject
Project("{FAE04EC0-301F-11D3-BF4B-00C04F79EFBC}") = "R5T.D0082.D003.I001", "R5T.D0082.D003.I001\R5T.D0082.D003.I001.csproj", "{74332193-3D7B-4BC4-8727-28E69F89C97B}"
EndProject
Project("{FAE04EC0-301F-11D3-BF4B-00C04F79EFBC}") = "R5T.D0082.I001", "R5T.D0082.I001\R5T.D0082.I001.csproj", "{9DDB0975-AAA3-4DDC-BF96-83B6617304B2}"
EndProject
Project("{FAE04EC0-301F-11D3-BF4B-00C04F79EFBC}") = "R5T.D0082.T000", "R5T.D0082.T000\R5T.D0082.T000.csproj", "{F6ED5755-A206-4DD4-9ED9-9CB2A8E1C24A}"
EndProject
Project("{FAE04EC0-301F-11D3-BF4B-00C04F79EFBC}") = "R5T.D0082.T001", "R5T.D0082.T001\R5T.D0082.T001.csproj", "{37E695FF-21ED-4071-9BDA-621B82281075}"
EndProject
Project("{FAE04EC0-301F-11D3-BF4B-00C04F79EFBC}") = "R5T.D0082.X000", "R5T.D0082.X000\R5T.D0082.X000.csproj", "{67A68966-86D4-4163-AC53-58E4BB67C754}"
EndProject
Global
	GlobalSection(SolutionConfigurationPlatforms) = preSolution
		Debug|Any CPU = Debug|Any CPU
		Debug|x64 = Debug|x64
		Debug|x86 = Debug|x86
		Release|Any CPU = Release|Any CPU
		Release|x64 = Release|x64
		Release|x86 = Release|x86
	EndGlobalSection
	GlobalSection(SolutionProperties) = preSolution
		HideSolutionNode = FALSE
	EndGlobalSection
	GlobalSection(ProjectConfigurationPlatforms) = postSolution
		{9D69E237-2F12-4A67-8D1A-4F325ED97F26}.Debug|Any CPU.ActiveCfg = Debug|Any CPU
		{9D69E237-2F12-4A67-8D1A-4F325ED97F26}.Debug|Any CPU.Build.0 = Debug|Any CPU
		{9D69E237-2F12-4A67-8D1A-4F325ED97F26}.Debug|x64.ActiveCfg = Debug|Any CPU
		{9D69E237-2F12-4A67-8D1A-4F325ED97F26}.Debug|x64.Build.0 = Debug|Any CPU
		{9D69E237-2F12-4A67-8D1A-4F325ED97F26}.Debug|x86.ActiveCfg = Debug|Any CPU
		{9D69E237-2F12-4A67-8D1A-4F325ED97F26}.Debug|x86.Build.0 = Debug|Any CPU
		{9D69E237-2F12-4A67-8D1A-4F325ED97F26}.Release|Any CPU.ActiveCfg = Release|Any CPU
		{9D69E237-2F12-4A67-8D1A-4F325ED97F26}.Release|Any CPU.Build.0 = Release|Any CPU
		{9D69E237-2F12-4A67-8D1A-4F325ED97F26}.Release|x64.ActiveCfg = Release|Any CPU
		{9D69E237-2F12-4A67-8D1A-4F325ED97F26}.Release|x64.Build.0 = Release|Any CPU
		{9D69E237-2F12-4A67-8D1A-4F325ED97F26}.Release|x86.ActiveCfg = Release|Any CPU
		{9D69E237-2F12-4A67-8D1A-4F325ED97F26}.Release|x86.Build.0 = Release|Any CPU
		{56FFE70E-888D-4AC6-BC40-407D56BEC6D4}.Debug|Any CPU.ActiveCfg = Debug|Any CPU
		{56FFE70E-888D-4AC6-BC40-407D56BEC6D4}.Debug|Any CPU.Build.0 = Debug|Any CPU
		{56FFE70E-888D-4AC6-BC40-407D56BEC6D4}.Debug|x64.ActiveCfg = Debug|Any CPU
		{56FFE70E-888D-4AC6-BC40-407D56BEC6D4}.Debug|x64.Build.0 = Debug|Any CPU
		{56FFE70E-888D-4AC6-BC40-407D56BEC6D4}.Debug|x86.ActiveCfg = Debug|Any CPU
		{56FFE70E-888D-4AC6-BC40-407D56BEC6D4}.Debug|x86.Build.0 = Debug|Any CPU
		{56FFE70E-888D-4AC6-BC40-407D56BEC6D4}.Release|Any CPU.ActiveCfg = Release|Any CPU
		{56FFE70E-888D-4AC6-BC40-407D56BEC6D4}.Release|Any CPU.Build.0 = Release|Any CPU
		{56FFE70E-888D-4AC6-BC40-407D56BEC6D4}.Release|x64.ActiveCfg = Release|Any CPU
		{56FFE70E-888D-4AC6-BC40-407D56BEC6D4}.Release|x64.Build.0 = Release|Any CPU
		{56FFE70E-888D-4AC6-BC40-407D56BEC6D4}.Release|x86.ActiveCfg = Release|Any CPU
		{56FFE70E-888D-4AC6-BC40-407D56BEC6D4}.Release|x86.Build.0 = Release|Any CPU
		{9561AD8C-56B2-4380-A927-1C395A249773}.Debug|Any CPU.ActiveCfg = Debug|Any CPU
		{9561AD8C-56B2-4380-A927-1C395A249773}.Debug|Any CPU.Build.0 = Debug|Any CPU
		{9561AD8C-56B2-4380-A927-1C395A249773}.Debug|x64.ActiveCfg = Debug|Any CPU
		{9561AD8C-56B2-4380-A927-1C395A249773}.Debug|x64.Build.0 = Debug|Any CPU
		{9561AD8C-56B2-4380-A927-1C395A249773}.Debug|x86.ActiveCfg = Debug|Any CPU
		{9561AD8C-56B2-4380-A927-1C395A249773}.Debug|x86.Build.0 = Debug|Any CPU
		{9561AD8C-56B2-4380-A927-1C395A249773}.Release|Any CPU.ActiveCfg = Release|Any CPU
		{9561AD8C-56B2-4380-A927-1C395A249773}.Release|Any CPU.Build.0 = Release|Any CPU
		{9561AD8C-56B2-4380-A927-1C395A249773}.Release|x64.ActiveCfg = Release|Any CPU
		{9561AD8C-56B2-4380-A927-1C395A249773}.Release|x64.Build.0 = Release|Any CPU
		{9561AD8C-56B2-4380-A927-1C395A249773}.Release|x86.ActiveCfg = Release|Any CPU
		{9561AD8C-56B2-4380-A927-1C395A249773}.Release|x86.Build.0 = Release|Any CPU
		{E9B51BB4-0ADD-47F7-8B8A-90E771064AE5}.Debug|Any CPU.ActiveCfg = Debug|Any CPU
		{E9B51BB4-0ADD-47F7-8B8A-90E771064AE5}.Debug|Any CPU.Build.0 = Debug|Any CPU
		{E9B51BB4-0ADD-47F7-8B8A-90E771064AE5}.Debug|x64.ActiveCfg = Debug|Any CPU
		{E9B51BB4-0ADD-47F7-8B8A-90E771064AE5}.Debug|x64.Build.0 = Debug|Any CPU
		{E9B51BB4-0ADD-47F7-8B8A-90E771064AE5}.Debug|x86.ActiveCfg = Debug|Any CPU
		{E9B51BB4-0ADD-47F7-8B8A-90E771064AE5}.Debug|x86.Build.0 = Debug|Any CPU
		{E9B51BB4-0ADD-47F7-8B8A-90E771064AE5}.Release|Any CPU.ActiveCfg = Release|Any CPU
		{E9B51BB4-0ADD-47F7-8B8A-90E771064AE5}.Release|Any CPU.Build.0 = Release|Any CPU
		{E9B51BB4-0ADD-47F7-8B8A-90E771064AE5}.Release|x64.ActiveCfg = Release|Any CPU
		{E9B51BB4-0ADD-47F7-8B8A-90E771064AE5}.Release|x64.Build.0 = Release|Any CPU
		{E9B51BB4-0ADD-47F7-8B8A-90E771064AE5}.Release|x86.ActiveCfg = Release|Any CPU
		{E9B51BB4-0ADD-47F7-8B8A-90E771064AE5}.Release|x86.Build.0 = Release|Any CPU
		{AA00D5A1-5ADE-42C6-8161-40C26D0593C9}.Debug|Any CPU.ActiveCfg = Debug|Any CPU
		{AA00D5A1-5ADE-42C6-8161-40C26D0593C9}.Debug|Any CPU.Build.0 = Debug|Any CPU
		{AA00D5A1-5ADE-42C6-8161-40C26D0593C9}.Debug|x64.ActiveCfg = Debug|Any CPU
		{AA00D5A1-5ADE-42C6-8161-40C26D0593C9}.Debug|x64.Build.0 = Debug|Any CPU
		{AA00D5A1-5ADE-42C6-8161-40C26D0593C9}.Debug|x86.ActiveCfg = Debug|Any CPU
		{AA00D5A1-5ADE-42C6-8161-40C26D0593C9}.Debug|x86.Build.0 = Debug|Any CPU
		{AA00D5A1-5ADE-42C6-8161-40C26D0593C9}.Release|Any CPU.ActiveCfg = Release|Any CPU
		{AA00D5A1-5ADE-42C6-8161-40C26D0593C9}.Release|Any CPU.Build.0 = Release|Any CPU
		{AA00D5A1-5ADE-42C6-8161-40C26D0593C9}.Release|x64.ActiveCfg = Release|Any CPU
		{AA00D5A1-5ADE-42C6-8161-40C26D0593C9}.Release|x64.Build.0 = Release|Any CPU
		{AA00D5A1-5ADE-42C6-8161-40C26D0593C9}.Release|x86.ActiveCfg = Release|Any CPU
		{AA00D5A1-5ADE-42C6-8161-40C26D0593C9}.Release|x86.Build.0 = Release|Any CPU
		{A38BEF83-5CCC-4AB0-8F57-8097C16BEBB8}.Debug|Any CPU.ActiveCfg = Debug|Any CPU
		{A38BEF83-5CCC-4AB0-8F57-8097C16BEBB8}.Debug|Any CPU.Build.0 = Debug|Any CPU
		{A38BEF83-5CCC-4AB0-8F57-8097C16BEBB8}.Debug|x64.ActiveCfg = Debug|Any CPU
		{A38BEF83-5CCC-4AB0-8F57-8097C16BEBB8}.Debug|x64.Build.0 = Debug|Any CPU
		{A38BEF83-5CCC-4AB0-8F57-8097C16BEBB8}.Debug|x86.ActiveCfg = Debug|Any CPU
		{A38BEF83-5CCC-4AB0-8F57-8097C16BEBB8}.Debug|x86.Build.0 = Debug|Any CPU
		{A38BEF83-5CCC-4AB0-8F57-8097C16BEBB8}.Release|Any CPU.ActiveCfg = Release|Any CPU
		{A38BEF83-5CCC-4AB0-8F57-8097C16BEBB8}.Release|Any CPU.Build.0 = Release|Any CPU
		{A38BEF83-5CCC-4AB0-8F57-8097C16BEBB8}.Release|x64.ActiveCfg = Release|Any CPU
		{A38BEF83-5CCC-4AB0-8F57-8097C16BEBB8}.Release|x64.Build.0 = Release|Any CPU
		{A38BEF83-5CCC-4AB0-8F57-8097C16BEBB8}.Release|x86.ActiveCfg = Release|Any CPU
		{A38BEF83-5CCC-4AB0-8F57-8097C16BEBB8}.Release|x86.Build.0 = Release|Any CPU
		{09D01529-DF91-49CB-A629-D407B470CF8F}.Debug|Any CPU.ActiveCfg = Debug|Any CPU
		{09D01529-DF91-49CB-A629-D407B470CF8F}.Debug|Any CPU.Build.0 = Debug|Any CPU
		{09D01529-DF91-49CB-A629-D407B470CF8F}.Debug|x64.ActiveCfg = Debug|Any CPU
		{09D01529-DF91-49CB-A629-D407B470CF8F}.Debug|x64.Build.0 = Debug|Any CPU
		{09D01529-DF91-49CB-A629-D407B470CF8F}.Debug|x86.ActiveCfg = Debug|Any CPU
		{09D01529-DF91-49CB-A629-D407B470CF8F}.Debug|x86.Build.0 = Debug|Any CPU
		{09D01529-DF91-49CB-A629-D407B470CF8F}.Release|Any CPU.ActiveCfg = Release|Any CPU
		{09D01529-DF91-49CB-A629-D407B470CF8F}.Release|Any CPU.Build.0 = Release|Any CPU
		{09D01529-DF91-49CB-A629-D407B470CF8F}.Release|x64.ActiveCfg = Release|Any CPU
		{09D01529-DF91-49CB-A629-D407B470CF8F}.Release|x64.Build.0 = Release|Any CPU
		{09D01529-DF91-49CB-A629-D407B470CF8F}.Release|x86.ActiveCfg = Release|Any CPU
		{09D01529-DF91-49CB-A629-D407B470CF8F}.Release|x86.Build.0 = Release|Any CPU
		{DC0E59E5-A3BE-4778-AD86-770205B7E410}.Debug|Any CPU.ActiveCfg = Debug|Any CPU
		{DC0E59E5-A3BE-4778-AD86-770205B7E410}.Debug|Any CPU.Build.0 = Debug|Any CPU
		{DC0E59E5-A3BE-4778-AD86-770205B7E410}.Debug|x64.ActiveCfg = Debug|Any CPU
		{DC0E59E5-A3BE-4778-AD86-770205B7E410}.Debug|x64.Build.0 = Debug|Any CPU
		{DC0E59E5-A3BE-4778-AD86-770205B7E410}.Debug|x86.ActiveCfg = Debug|Any CPU
		{DC0E59E5-A3BE-4778-AD86-770205B7E410}.Debug|x86.Build.0 = Debug|Any CPU
		{DC0E59E5-A3BE-4778-AD86-770205B7E410}.Release|Any CPU.ActiveCfg = Release|Any CPU
		{DC0E59E5-A3BE-4778-AD86-770205B7E410}.Release|Any CPU.Build.0 = Release|Any CPU
		{DC0E59E5-A3BE-4778-AD86-770205B7E410}.Release|x64.ActiveCfg = Release|Any CPU
		{DC0E59E5-A3BE-4778-AD86-770205B7E410}.Release|x64.Build.0 = Release|Any CPU
		{DC0E59E5-A3BE-4778-AD86-770205B7E410}.Release|x86.ActiveCfg = Release|Any CPU
		{DC0E59E5-A3BE-4778-AD86-770205B7E410}.Release|x86.Build.0 = Release|Any CPU
		{74332193-3D7B-4BC4-8727-28E69F89C97B}.Debug|Any CPU.ActiveCfg = Debug|Any CPU
		{74332193-3D7B-4BC4-8727-28E69F89C97B}.Debug|Any CPU.Build.0 = Debug|Any CPU
		{74332193-3D7B-4BC4-8727-28E69F89C97B}.Debug|x64.ActiveCfg = Debug|Any CPU
		{74332193-3D7B-4BC4-8727-28E69F89C97B}.Debug|x64.Build.0 = Debug|Any CPU
		{74332193-3D7B-4BC4-8727-28E69F89C97B}.Debug|x86.ActiveCfg = Debug|Any CPU
		{74332193-3D7B-4BC4-8727-28E69F89C97B}.Debug|x86.Build.0 = Debug|Any CPU
		{74332193-3D7B-4BC4-8727-28E69F89C97B}.Release|Any CPU.ActiveCfg = Release|Any CPU
		{74332193-3D7B-4BC4-8727-28E69F89C97B}.Release|Any CPU.Build.0 = Release|Any CPU
		{74332193-3D7B-4BC4-8727-28E69F89C97B}.Release|x64.ActiveCfg = Release|Any CPU
		{74332193-3D7B-4BC4-8727-28E69F89C97B}.Release|x64.Build.0 = Release|Any CPU
		{74332193-3D7B-4BC4-8727-28E69F89C97B}.Release|x86.ActiveCfg = Release|Any CPU
		{74332193-3D7B-4BC4-8727-28E69F89C97B}.Release|x86.Build.0 = Release|Any CPU
		{9DDB0975-AAA3-4DDC-BF96-83B6617304B2}.Debug|Any CPU.ActiveCfg = Debug|Any CPU
		{9DDB0975-AAA3-4DDC-BF96-83B6617304B2}.Debug|Any CPU.Build.0 = Debug|Any CPU
		{9DDB0975-AAA3-4DDC-BF96-83B6617304B2}.Debug|x64.ActiveCfg = Debug|Any CPU
		{9DDB0975-AAA3-4DDC-BF96-83B6617304B2}.Debug|x64.Build.0 = Debug|Any CPU
		{9DDB0975-AAA3-4DDC-BF96-83B6617304B2}.Debug|x86.ActiveCfg = Debug|Any CPU
		{9DDB0975-AAA3-4DDC-BF96-83B6617304B2}.Debug|x86.Build.0 = Debug|Any CPU
		{9DDB0975-AAA3-4DDC-BF96-83B6617304B2}.Release|Any CPU.ActiveCfg = Release|Any CPU
		{9DDB0975-AAA3-4DDC-BF96-83B6617304B2}.Release|Any CPU.Build.0 = Release|Any CPU
		{9DDB0975-AAA3-4DDC-BF96-83B6617304B2}.Release|x64.ActiveCfg = Release|Any CPU
		{9DDB0975-AAA3-4DDC-BF96-83B6617304B2}.Release|x64.Build.0 = Release|Any CPU
		{9DDB0975-AAA3-4DDC-BF96-83B6617304B2}.Release|x86.ActiveCfg = Release|Any CPU
		{9DDB0975-AAA3-4DDC-BF96-83B6617304B2}.Release|x86.Build.0 = Release|Any CPU
		{F6ED5755-A206-4DD4-9ED9-9CB2A8E1C24A}.Debug|Any CPU.ActiveCfg = Debug|Any CPU
		{F6ED5755-A206-4DD4-9ED9-9CB2A8E1C24A}.Debug|Any CPU.Build.0 = Debug|Any CPU
		{F6ED5755-A206-4DD4-9ED9-9CB2A8E1C24A}.Debug|x64.ActiveCfg = Debug|Any CPU
		{F6ED5755-A206-4DD4-9ED9-9CB2A8E1C24A}.Debug|x64.Build.0 = Debug|Any CPU
		{F6ED5755-A206-4DD4-9ED9-9CB2A8E1C24A}.Debug|x86.ActiveCfg = Debug|Any CPU
		{F6ED5755-A206-4DD4-9ED9-9CB2A8E1C24A}.Debug|x86.Build.0 = Debug|Any CPU
		{F6ED5755-A206-4DD4-9ED9-9CB2A8E1C24A}.Release|Any CPU.ActiveCfg = Release|Any CPU
		{F6ED5755-A206-4DD4-9ED9-9CB2A8E1C24A}.Release|Any CPU.Build.0 = Release|Any CPU
		{F6ED5755-A206-4DD4-9ED9-9CB2A8E1C24A}.Release|x64.ActiveCfg = Release|Any CPU
		{F6ED5755-A206-4DD4-9ED9-9CB2A8E1C24A}.Release|x64.Build.0 = Release|Any CPU
		{F6ED5755-A206-4DD4-9ED9-9CB2A8E1C24A}.Release|x86.ActiveCfg = Release|Any CPU
		{F6ED5755-A206-4DD4-9ED9-9CB2A8E1C24A}.Release|x86.Build.0 = Release|Any CPU
		{37E695FF-21ED-4071-9BDA-621B82281075}.Debug|Any CPU.ActiveCfg = Debug|Any CPU
		{37E695FF-21ED-4071-9BDA-621B82281075}.Debug|Any CPU.Build.0 = Debug|Any CPU
		{37E695FF-21ED-4071-9BDA-621B82281075}.Debug|x64.ActiveCfg = Debug|Any CPU
		{37E695FF-21ED-4071-9BDA-621B82281075}.Debug|x64.Build.0 = Debug|Any CPU
		{37E695FF-21ED-4071-9BDA-621B82281075}.Debug|x86.ActiveCfg = Debug|Any CPU
		{37E695FF-21ED-4071-9BDA-621B82281075}.Debug|x86.Build.0 = Debug|Any CPU
		{37E695FF-21ED-4071-9BDA-621B82281075}.Release|Any CPU.ActiveCfg = Release|Any CPU
		{37E695FF-21ED-4071-9BDA-621B82281075}.Release|Any CPU.Build.0 = Release|Any CPU
		{37E695FF-21ED-4071-9BDA-621B82281075}.Release|x64.ActiveCfg = Release|Any CPU
		{37E695FF-21ED-4071-9BDA-621B82281075}.Release|x64.Build.0 = Release|Any CPU
		{37E695FF-21ED-4071-9BDA-621B82281075}.Release|x86.ActiveCfg = Release|Any CPU
		{37E695FF-21ED-4071-9BDA-621B82281075}.Release|x86.Build.0 = Release|Any CPU
		{67A68966-86D4-4163-AC53-58E4BB67C754}.Debug|Any CPU.ActiveCfg = Debug|Any CPU
		{67A68966-86D4-4163-AC53-58E4BB67C754}.Debug|Any CPU.Build.0 = Debug|Any CPU
		{67A68966-86D4-4163-AC53-58E4BB67C754}.Debug|x64.ActiveCfg = Debug|Any CPU
		{67A68966-86D4-4163-AC53-58E4BB67C754}.Debug|x64.Build.0 = Debug|Any CPU
		{67A68966-86D4-4163-AC53-58E4BB67C754}.Debug|x86.ActiveCfg = Debug|Any CPU
		{67A68966-86D4-4163-AC53-58E4BB67C754}.Debug|x86.Build.0 = Debug|Any CPU
		{67A68966-86D4-4163-AC53-58E4BB67C754}.Release|Any CPU.ActiveCfg = Release|Any CPU
		{67A68966-86D4-4163-AC53-58E4BB67C754}.Release|Any CPU.Build.0 = Release|Any CPU
		{67A68966-86D4-4163-AC53-58E4BB67C754}.Release|x64.ActiveCfg = Release|Any CPU
		{67A68966-86D4-4163-AC53-58E4BB67C754}.Release|x64.Build.0 = Release|Any CPU
		{67A68966-86D4-4163-AC53-58E4BB67C754}.Release|x86.ActiveCfg = Release|Any CPU
		{67A68966-86D4-4163-AC53-58E4BB67C754}.Release|x86.Build.0 = Release|Any CPU
	EndGlobalSection
EndGlobal
